{
    "_readme": [
        "This file locks the dependencies of your project to a known state",
        "Read more about it at http://getcomposer.org/doc/01-basic-usage.md#composer-lock-the-lock-file",
        "This file is @generated automatically"
    ],
    "hash": "6d862f38cd758b8ee687e500ead879cb",
    "packages": [
        {
            "name": "dialogtech/enhanced-nlp-engine",
            "version": "1.0",
            "dist": {
                "type": "zip",
                "url": "https://s3.amazonaws.com/enhanced-nlp-dist/enhanced-nlp-1.0.zip",
                "reference": null,
                "shasum": null
            },
            "bin": [
                "eNLP.jar"
            ],
            "type": "library"
        }
    ],
    "packages-dev": [],
    "aliases": [],
    "minimum-stability": "stable",
    "stability-flags": [],
    "prefer-stable": false,
    "prefer-lowest": false,
    "platform": {
        "php": ">=5.3.0"
    },
    "platform-dev": []
}
